
Microsoft Visual Studio Solution File, Format Version 12.00
# Visual Studio Version 17
VisualStudioVersion = 17.3.32819.101
MinimumVisualStudioVersion = 10.0.40219.1
Project("{8BC9CEB8-8B4A-11D0-8D11-00A0C91BC942}") = "mid term1111", "mid term1111.vcxproj", "{13D92CBF-677C-4307-B157-152B5504CFBC}"
EndProject
Global
	GlobalSection(SolutionConfigurationPlatforms) = preSolution
		Debug|x64 = Debug|x64
		Debug|x86 = Debug|x86
		Release|x64 = Release|x64
		Release|x86 = Release|x86
	EndGlobalSection
	GlobalSection(ProjectConfigurationPlatforms) = postSolution
		{13D92CBF-677C-4307-B157-152B5504CFBC}.Debug|x64.ActiveCfg = Debug|x64
		{13D92CBF-677C-4307-B157-152B5504CFBC}.Debug|x64.Build.0 = Debug|x64
		{13D92CBF-677C-4307-B157-152B5504CFBC}.Debug|x86.ActiveCfg = Debug|Win32
		{13D92CBF-677C-4307-B157-152B5504CFBC}.Debug|x86.Build.0 = Debug|Win32
		{13D92CBF-677C-4307-B157-152B5504CFBC}.Release|x64.ActiveCfg = Release|x64
		{13D92CBF-677C-4307-B157-152B5504CFBC}.Release|x64.Build.0 = Release|x64
		{13D92CBF-677C-4307-B157-152B5504CFBC}.Release|x86.ActiveCfg = Release|Win32
		{13D92CBF-677C-4307-B157-152B5504CFBC}.Release|x86.Build.0 = Release|Win32
	EndGlobalSection
	GlobalSection(SolutionProperties) = preSolution
		HideSolutionNode = FALSE
	EndGlobalSection
	GlobalSection(ExtensibilityGlobals) = postSolution
		SolutionGuid = {23A16AB0-D0BB-4C1D-A354-67783A7A3066}
	EndGlobalSection
EndGlobal
